
Microsoft Visual Studio Solution File, Format Version 12.00
# Visual Studio 15
VisualStudioVersion = 15.0.27428.2015
MinimumVisualStudioVersion = 10.0.40219.1
Project("{FAE04EC0-301F-11D3-BF4B-00C04F79EFBC}") = "ConsoleApp9", "ConsoleApp9\ConsoleApp9.csproj", "{7EC38641-E86A-47E2-88C4-ADAD0E0FD874}"
EndProject
Global
	GlobalSection(SolutionConfigurationPlatforms) = preSolution
		Debug|Any CPU = Debug|Any CPU
		Release|Any CPU = Release|Any CPU
	EndGlobalSection
	GlobalSection(ProjectConfigurationPlatforms) = postSolution
		{7EC38641-E86A-47E2-88C4-ADAD0E0FD874}.Debug|Any CPU.ActiveCfg = Debug|Any CPU
		{7EC38641-E86A-47E2-88C4-ADAD0E0FD874}.Debug|Any CPU.Build.0 = Debug|Any CPU
		{7EC38641-E86A-47E2-88C4-ADAD0E0FD874}.Release|Any CPU.ActiveCfg = Release|Any CPU
		{7EC38641-E86A-47E2-88C4-ADAD0E0FD874}.Release|Any CPU.Build.0 = Release|Any CPU
	EndGlobalSection
	GlobalSection(SolutionProperties) = preSolution
		HideSolutionNode = FALSE
	EndGlobalSection
	GlobalSection(ExtensibilityGlobals) = postSolution
		SolutionGuid = {38E8BB84-1C3C-4F67-BCCA-AA44C5D0726D}
	EndGlobalSection
EndGlobal
